dependencies:
- name: spire-lib
  repository: file://../spire-lib
  version: 0.3.2
- name: step-certificates
  repository: https://smallstep.github.io/helm-charts/
  version: 1.27.4
digest: sha256:9b62d2daefc0199e874a43e80127cc1fd75486121d860bd36a5249978fde04ac
generated: "2026-09-04T14:16:46.86151-07:00"
