dependencies:
- name: spire-lib
  repository: file://../spire-lib
  version: 0.3.2
- name: spire-server
  repository: file://../spire/charts/spire-server
  version: 0.1.0
- name: spire-server
  repository: file://../spire/charts/spire-server
  version: 0.1.0
- name: spire-server
  repository: file://../spire/charts/spire-server
  version: 0.1.0
- name: spire-server
  repository: file://../spire/charts/spire-server
  version: 0.1.0
- name: spire-server
  repository: file://../spire/charts/spire-server
  version: 0.1.0
- name: spire-agent
  repository: file://../spire/charts/spire-agent
  version: 0.1.0
- name: spire-agent
  repository: file://../spire/charts/spire-agent
  version: 0.1.0
- name: spire-agent
  repository: file://../spire/charts/spire-agent
  version: 0.1.0
- name: spiffe-csi-driver
  repository: file://../spire/charts/spiffe-csi-driver
  version: 0.1.0
- name: spiffe-csi-driver
  repository: file://../spire/charts/spiffe-csi-driver
  version: 0.1.0
- name: spiffe-oidc-discovery-provider
  repository: file://../spire/charts/spiffe-oidc-discovery-provider
  version: 0.1.0
- name: tornjak-frontend
  repository: file://../spire/charts/tornjak-frontend
  version: 0.1.0
- name: spiffe-csi-driver
  repository: file://../spire/charts/spiffe-csi-driver
  version: 0.1.0
- name: spire-ha-agent
  repository: file://../spire-ha-agent
  version: 0.3.2
- name: spiffefs
  repository: file://../spiffefs
  version: 0.1.0
- name: spiffe-csi-driver
  repository: file://../spire/charts/spiffe-csi-driver
  version: 0.1.0
- name: spire-server
  repository: file://../spire/charts/spire-server
  version: 0.1.0
- name: spire-agent
  repository: file://../spire/charts/spire-agent
  version: 0.1.0
- name: spiffe-csi-driver
  repository: file://../spire/charts/spiffe-csi-driver
  version: 0.1.0
- name: spiffe-csi-driver
  repository: file://../spire/charts/spiffe-csi-driver
  version: 0.1.0
- name: spire-identity-exchange
  repository: file://../spire-identity-exchange
  version: 0.2.2
- name: spire-server
  repository: file://../spire/charts/spire-server
  version: 0.1.0
- name: spire-agent
  repository: file://../spire/charts/spire-agent
  version: 0.1.0
- name: spiffe-csi-driver
  repository: file://../spire/charts/spiffe-csi-driver
  version: 0.1.0
- name: spiffe-csi-driver
  repository: file://../spire/charts/spiffe-csi-driver
  version: 0.1.0
- name: spire-identity-exchange
  repository: file://../spire-identity-exchange
  version: 0.2.2
digest: sha256:974f197cfb8d8f1d7249f352ab65e676d2ba28a67ca3234396e506dc3b9ad136
generated: "2026-10-02T11:26:56.566165-07:00"
