dependencies:
- name: spire-lib
  repository: file://../spire-lib
  version: 0.3.1
- name: spire-server
  repository: file://../spire/charts/spire-server
  version: 0.1.0
- name: spire-server
  repository: file://../spire/charts/spire-server
  version: 0.1.0
- name: spire-server
  repository: file://../spire/charts/spire-server
  version: 0.1.0
- name: spire-server
  repository: file://../spire/charts/spire-server
  version: 0.1.0
- name: spire-server
  repository: file://../spire/charts/spire-server
  version: 0.1.0
- name: spire-agent
  repository: file://../spire/charts/spire-agent
  version: 0.1.0
- name: spire-agent
  repository: file://../spire/charts/spire-agent
  version: 0.1.0
- name: spire-agent
  repository: file://../spire/charts/spire-agent
  version: 0.1.0
- name: spiffe-csi-driver
  repository: file://../spire/charts/spiffe-csi-driver
  version: 0.1.0
- name: spiffe-csi-driver
  repository: file://../spire/charts/spiffe-csi-driver
  version: 0.1.0
- name: spiffe-oidc-discovery-provider
  repository: file://../spire/charts/spiffe-oidc-discovery-provider
  version: 0.1.0
- name: tornjak-frontend
  repository: file://../spire/charts/tornjak-frontend
  version: 0.1.0
- name: spiffe-csi-driver
  repository: file://../spire/charts/spiffe-csi-driver
  version: 0.1.0
- name: spire-ha-agent
  repository: file://../spire-ha-agent
  version: 0.3.1
- name: spiffefs
  repository: file://../spiffefs
  version: 0.1.0
- name: spiffe-csi-driver
  repository: file://../spire/charts/spiffe-csi-driver
  version: 0.1.0
- name: spire-server
  repository: file://../spire/charts/spire-server
  version: 0.1.0
- name: spire-agent
  repository: file://../spire/charts/spire-agent
  version: 0.1.0
- name: spiffe-csi-driver
  repository: file://../spire/charts/spiffe-csi-driver
  version: 0.1.0
- name: spiffe-csi-driver
  repository: file://../spire/charts/spiffe-csi-driver
  version: 0.1.0
- name: spire-identity-exchange
  repository: file://../spire-identity-exchange
  version: 0.2.1
- name: spire-server
  repository: file://../spire/charts/spire-server
  version: 0.1.0
- name: spire-agent
  repository: file://../spire/charts/spire-agent
  version: 0.1.0
- name: spiffe-csi-driver
  repository: file://../spire/charts/spiffe-csi-driver
  version: 0.1.0
- name: spiffe-csi-driver
  repository: file://../spire/charts/spiffe-csi-driver
  version: 0.1.0
- name: spire-identity-exchange
  repository: file://../spire-identity-exchange
  version: 0.2.1
digest: sha256:4b180362e85b048f286a4ae149af49a06c129180e09768f51d31c63b94c1226b
generated: "2026-09-01T07:31:10.103584-07:00"
