dependencies:
- name: spire-lib
  repository: file://../spire-lib
  version: 0.1.0
- name: spire-server
  repository: file://../spire-server
  version: 0.1.0
- name: spire-server
  repository: file://../spire-server
  version: 0.1.0
- name: spire-server
  repository: file://../spire-server
  version: 0.1.0
- name: spire-server
  repository: file://../spire-server
  version: 0.1.0
- name: spire-server
  repository: file://../spire-server
  version: 0.1.0
- name: spire-agent
  repository: file://../spire-agent
  version: 0.1.0
- name: spire-agent
  repository: file://../spire-agent
  version: 0.1.0
- name: spire-agent
  repository: file://../spire-agent
  version: 0.1.0
- name: spiffe-csi-driver
  repository: file://../spiffe-csi-driver
  version: 0.1.0
- name: spiffe-csi-driver
  repository: file://../spiffe-csi-driver
  version: 0.1.0
- name: spiffe-oidc-discovery-provider
  repository: file://../spiffe-oidc-discovery-provider
  version: 0.1.0
- name: tornjak-frontend
  repository: file://../tornjak-frontend
  version: 0.1.0
- name: spiffe-csi-driver
  repository: file://../spiffe-csi-driver
  version: 0.1.0
- name: spire-ha-agent
  repository: file://../spire-ha-agent
  version: 0.1.0
digest: sha256:6e8fe8219b1c02e8a2a113e80e08118396c97d2c88efac49d42aa028ef0e1b14
generated: "2026-04-23T00:29:14.28936-07:00"
