dependencies:
- name: spire-lib
  repository: file://../spire-lib
  version: 0.3.2
- name: spire-server
  repository: file://./charts/spire-server
  version: 0.1.0
- name: spire-agent
  repository: file://./charts/spire-agent
  version: 0.1.0
- name: spire-agent
  repository: file://./charts/spire-agent
  version: 0.1.0
- name: spiffe-csi-driver
  repository: file://./charts/spiffe-csi-driver
  version: 0.1.0
- name: spiffe-csi-driver
  repository: file://./charts/spiffe-csi-driver
  version: 0.1.0
- name: spiffe-oidc-discovery-provider
  repository: file://./charts/spiffe-oidc-discovery-provider
  version: 0.1.0
- name: tornjak-frontend
  repository: file://./charts/tornjak-frontend
  version: 0.1.0
- name: spike-keeper
  repository: file://./charts/spike-keeper
  version: 0.1.0
- name: spike-nexus
  repository: file://./charts/spike-nexus
  version: 0.1.0
- name: spike-pilot
  repository: file://./charts/spike-pilot
  version: 0.1.0
- name: spire-identity-exchange
  repository: file://../spire-identity-exchange
  version: 0.2.3
digest: sha256:5b4366fc6d0713afbd0fd435fdfdcaacdc02ce57874e81838fea4a3da127943d
generated: "2026-09-30T06:35:27.987532-07:00"
