dependencies:
- name: spire-lib
  repository: file://../spire-lib
  version: 0.1.0
- name: spire-server
  repository: file://./charts/spire-server
  version: 0.1.0
- name: spire-agent
  repository: file://./charts/spire-agent
  version: 0.1.0
- name: spire-agent
  repository: file://./charts/spire-agent
  version: 0.1.0
- name: spiffe-csi-driver
  repository: file://./charts/spiffe-csi-driver
  version: 0.1.0
- name: spiffe-csi-driver
  repository: file://./charts/spiffe-csi-driver
  version: 0.1.0
- name: spiffe-oidc-discovery-provider
  repository: file://./charts/spiffe-oidc-discovery-provider
  version: 0.1.0
- name: tornjak-frontend
  repository: file://./charts/tornjak-frontend
  version: 0.1.0
- name: spike-keeper
  repository: file://./charts/spike-keeper
  version: 0.1.0
- name: spike-nexus
  repository: file://./charts/spike-nexus
  version: 0.1.0
- name: spike-pilot
  repository: file://./charts/spike-pilot
  version: 0.1.0
digest: sha256:59ed273c48633e8a1ae07be0e1628c9f21849b865dae10195ce46d68c093b4b2
generated: "2026-04-05T16:48:18.584331-07:00"
