dependencies:
- name: spire-lib
  repository: file://../spire-lib
  version: 0.2.0
- name: spire-server
  repository: file://./charts/spire-server
  version: 0.1.0
- name: spire-agent
  repository: file://./charts/spire-agent
  version: 0.1.0
- name: spire-agent
  repository: file://./charts/spire-agent
  version: 0.1.0
- name: spiffe-csi-driver
  repository: file://./charts/spiffe-csi-driver
  version: 0.1.0
- name: spiffe-csi-driver
  repository: file://./charts/spiffe-csi-driver
  version: 0.1.0
- name: spiffe-oidc-discovery-provider
  repository: file://./charts/spiffe-oidc-discovery-provider
  version: 0.1.0
- name: tornjak-frontend
  repository: file://./charts/tornjak-frontend
  version: 0.1.0
- name: spike-keeper
  repository: file://./charts/spike-keeper
  version: 0.1.0
- name: spike-nexus
  repository: file://./charts/spike-nexus
  version: 0.1.0
- name: spike-pilot
  repository: file://./charts/spike-pilot
  version: 0.1.0
- name: spire-identity-exchange
  repository: file://../spire-identity-exchange
  version: 0.1.0
digest: sha256:38b85a4bf147cc86a432ac32dfd3473e27efc6b6a3c1563340444bbe049a4746
generated: "2026-06-27T10:53:07.840372246-07:00"
